
Microsoft Visual Studio Solution File, Format Version 12.00
# Visual Studio Version 17
VisualStudioVersion = 17.12.35527.113 d17.12
MinimumVisualStudioVersion = 10.0.40219.1
Project("{FAE04EC0-301F-11D3-BF4B-00C04F79EFBC}") = "Abstract Class and Interface", "Abstract Class and Interface.csproj", "{1CD757CC-4628-499F-927D-D33B71CE43DB}"
EndProject
Global
	GlobalSection(SolutionConfigurationPlatforms) = preSolution
		Debug|Any CPU = Debug|Any CPU
		Release|Any CPU = Release|Any CPU
	EndGlobalSection
	GlobalSection(ProjectConfigurationPlatforms) = postSolution
		{1CD757CC-4628-499F-927D-D33B71CE43DB}.Debug|Any CPU.ActiveCfg = Debug|Any CPU
		{1CD757CC-4628-499F-927D-D33B71CE43DB}.Debug|Any CPU.Build.0 = Debug|Any CPU
		{1CD757CC-4628-499F-927D-D33B71CE43DB}.Release|Any CPU.ActiveCfg = Release|Any CPU
		{1CD757CC-4628-499F-927D-D33B71CE43DB}.Release|Any CPU.Build.0 = Release|Any CPU
	EndGlobalSection
	GlobalSection(SolutionProperties) = preSolution
		HideSolutionNode = FALSE
	EndGlobalSection
EndGlobal
